
Microsoft Visual Studio Solution File, Format Version 12.00
# Visual Studio Version 17
VisualStudioVersion = 17.13.35919.96 d17.13
MinimumVisualStudioVersion = 10.0.40219.1
Project("{888888A0-9F3D-457C-B088-3A5042F75D52}") = "CompulsoryAssignmentML", "CompulsoryAssignmentML\CompulsoryAssignmentML.pyproj", "{DBCF05CA-07E4-44F5-BF51-CE3FFA26DFEC}"
EndProject
Global
	GlobalSection(SolutionConfigurationPlatforms) = preSolution
		Debug|Any CPU = Debug|Any CPU
		Release|Any CPU = Release|Any CPU
	EndGlobalSection
	GlobalSection(ProjectConfigurationPlatforms) = postSolution
		{DBCF05CA-07E4-44F5-BF51-CE3FFA26DFEC}.Debug|Any CPU.ActiveCfg = Debug|Any CPU
		{DBCF05CA-07E4-44F5-BF51-CE3FFA26DFEC}.Release|Any CPU.ActiveCfg = Release|Any CPU
	EndGlobalSection
	GlobalSection(SolutionProperties) = preSolution
		HideSolutionNode = FALSE
	EndGlobalSection
	GlobalSection(ExtensibilityGlobals) = postSolution
		SolutionGuid = {5D063F9E-1EB1-42CB-9EC9-3E1C7522974F}
	EndGlobalSection
EndGlobal
